
Microsoft Visual Studio Solution File, Format Version 12.00
# Visual Studio Version 16
VisualStudioVersion = 16.0.29123.88
MinimumVisualStudioVersion = 10.0.40219.1
Project("{9A19103F-16F7-4668-BE54-9A1E7A4F7556}") = "^SkyLib", "SkyLib\^SkyLib.csproj", "{59C477E4-0B98-4835-B94A-C96B39424514}"
EndProject
Project("{9A19103F-16F7-4668-BE54-9A1E7A4F7556}") = "Radiator", "Radiator\Radiator.csproj", "{66E16BC4-CC4D-48F2-9920-7CCFA97ABECE}"
EndProject
Project("{9A19103F-16F7-4668-BE54-9A1E7A4F7556}") = "Accountant", "Accountant\Accountant.csproj", "{B046A213-8AF8-4CA1-8024-B3F8209D24CA}"
EndProject
Project("{9A19103F-16F7-4668-BE54-9A1E7A4F7556}") = "Drains", "Drains\Drains.csproj", "{0A37EDDF-26B1-4D09-BBD6-76BDAC50F593}"
EndProject
Project("{9A19103F-16F7-4668-BE54-9A1E7A4F7556}") = "RadiateHeatInSpace", "RadiateHeatInSpace\RadiateHeatInSpace.csproj", "{19ED4516-4530-4619-A028-591E1A09B94D}"
EndProject
Project("{9A19103F-16F7-4668-BE54-9A1E7A4F7556}") = "Walls", "Walls\Walls.csproj", "{77887255-EEAF-4059-83D3-11BC2BDBF9D3}"
EndProject
Project("{9A19103F-16F7-4668-BE54-9A1E7A4F7556}") = "DiseasesReimagined", "DiseasesReimagined\DiseasesReimagined.csproj", "{67A5D49F-CF0E-40B7-BE36-5232AC4F9BB0}"
EndProject
Project("{9A19103F-16F7-4668-BE54-9A1E7A4F7556}") = "DrywallHidesPipes", "DrywallHidesPipe\DrywallHidesPipes.csproj", "{BDDE4F01-9BEB-497E-A058-29EEAC2569BC}"
EndProject
Project("{9A19103F-16F7-4668-BE54-9A1E7A4F7556}") = "PrintingPodRefund", "PrintingPodRefund\PrintingPodRefund.csproj", "{89B878E7-1799-4B04-A90D-F0B2027CD44F}"
EndProject
Project("{9A19103F-16F7-4668-BE54-9A1E7A4F7556}") = "StoragePod", "StoragePod\StoragePod.csproj", "{509B2F28-C1EB-4BBD-B08E-F84E54482C6F}"
EndProject
Project("{9A19103F-16F7-4668-BE54-9A1E7A4F7556}") = "WaterproofTransformer", "WaterproofTransformer\WaterproofTransformer.csproj", "{5E06843D-345E-42DF-881B-8B2EFFEDBFAA}"
EndProject
Project("{9A19103F-16F7-4668-BE54-9A1E7A4F7556}") = "BleachstoneRefinery", "BleachstoneRefinery\BleachstoneRefinery.csproj", "{63CAF7A8-25F2-45E5-98B5-1AEBD9401A18}"
EndProject
Project("{9A19103F-16F7-4668-BE54-9A1E7A4F7556}") = "ExpandedLights", "ExpandedLights\ExpandedLights.csproj", "{C0C58EEE-937C-4FA6-9FFC-277CCE97A69C}"
EndProject
Project("{9A19103F-16F7-4668-BE54-9A1E7A4F7556}") = "OilFish", "OilFish\OilFish.csproj", "{2E3BB633-834E-427D-8132-8A6EA8DBAA72}"
EndProject
Project("{2150E333-8FDC-42A3-9474-1A3956D46DE8}") = "Meta", "Meta", "{603AF289-4ECC-4260-BEFC-BCA6F5E385A9}"
	ProjectSection(SolutionItems) = preProject
		LICENSE = LICENSE
		ONI mod reference.md = ONI mod reference.md
		README.md = README.md
	EndProjectSection
EndProject
Project("{2150E333-8FDC-42A3-9474-1A3956D46DE8}") = "MSBuild", "MSBuild", "{9CF14110-1EA2-48ED-A5DD-8FDC97503417}"
	ProjectSection(SolutionItems) = preProject
		Directory.Build.props = Directory.Build.props
		Directory.Build.props.default = Directory.Build.props.default
		Directory.Build.props.user = Directory.Build.props.user
		Directory.Build.targets = Directory.Build.targets
	EndProjectSection
EndProject
Project("{FAE04EC0-301F-11D3-BF4B-00C04F79EFBC}") = "CarbonRevolution", "CarbonRevolution\CarbonRevolution.csproj", "{CAA9683A-35E9-4836-88D2-AACA2BCD0117}"
EndProject
Project("{FAE04EC0-301F-11D3-BF4B-00C04F79EFBC}") = "OneWayVent", "OneWayVent\OneWayVent.csproj", "{136FF886-8564-4F34-8FF7-5A859D4DFAAC}"
EndProject
Project("{FAE04EC0-301F-11D3-BF4B-00C04F79EFBC}") = "BlastFurnace", "BlastFurnace\BlastFurnace.csproj", "{B99BC79D-B230-414F-81F2-93313ACB4D1F}"
EndProject
Project("{FAE04EC0-301F-11D3-BF4B-00C04F79EFBC}") = "Moon", "Moon\Moon.csproj", "{B5141D57-88BB-4DEA-B324-297A5CC1FFA5}"
EndProject
Global
	GlobalSection(SolutionConfigurationPlatforms) = preSolution
		Debug|Any CPU = Debug|Any CPU
		Release|Any CPU = Release|Any CPU
	EndGlobalSection
	GlobalSection(ProjectConfigurationPlatforms) = postSolution
		{59C477E4-0B98-4835-B94A-C96B39424514}.Debug|Any CPU.ActiveCfg = Debug|Any CPU
		{59C477E4-0B98-4835-B94A-C96B39424514}.Debug|Any CPU.Build.0 = Debug|Any CPU
		{59C477E4-0B98-4835-B94A-C96B39424514}.Release|Any CPU.ActiveCfg = Release|Any CPU
		{59C477E4-0B98-4835-B94A-C96B39424514}.Release|Any CPU.Build.0 = Release|Any CPU
		{66E16BC4-CC4D-48F2-9920-7CCFA97ABECE}.Debug|Any CPU.ActiveCfg = Debug|Any CPU
		{66E16BC4-CC4D-48F2-9920-7CCFA97ABECE}.Debug|Any CPU.Build.0 = Debug|Any CPU
		{66E16BC4-CC4D-48F2-9920-7CCFA97ABECE}.Release|Any CPU.ActiveCfg = Release|Any CPU
		{66E16BC4-CC4D-48F2-9920-7CCFA97ABECE}.Release|Any CPU.Build.0 = Release|Any CPU
		{B046A213-8AF8-4CA1-8024-B3F8209D24CA}.Debug|Any CPU.ActiveCfg = Debug|Any CPU
		{B046A213-8AF8-4CA1-8024-B3F8209D24CA}.Debug|Any CPU.Build.0 = Debug|Any CPU
		{B046A213-8AF8-4CA1-8024-B3F8209D24CA}.Release|Any CPU.ActiveCfg = Release|Any CPU
		{B046A213-8AF8-4CA1-8024-B3F8209D24CA}.Release|Any CPU.Build.0 = Release|Any CPU
		{0A37EDDF-26B1-4D09-BBD6-76BDAC50F593}.Debug|Any CPU.ActiveCfg = Debug|Any CPU
		{0A37EDDF-26B1-4D09-BBD6-76BDAC50F593}.Debug|Any CPU.Build.0 = Debug|Any CPU
		{0A37EDDF-26B1-4D09-BBD6-76BDAC50F593}.Release|Any CPU.ActiveCfg = Release|Any CPU
		{0A37EDDF-26B1-4D09-BBD6-76BDAC50F593}.Release|Any CPU.Build.0 = Release|Any CPU
		{19ED4516-4530-4619-A028-591E1A09B94D}.Debug|Any CPU.ActiveCfg = Debug|Any CPU
		{19ED4516-4530-4619-A028-591E1A09B94D}.Debug|Any CPU.Build.0 = Debug|Any CPU
		{19ED4516-4530-4619-A028-591E1A09B94D}.Release|Any CPU.ActiveCfg = Release|Any CPU
		{19ED4516-4530-4619-A028-591E1A09B94D}.Release|Any CPU.Build.0 = Release|Any CPU
		{BDDE4F01-9BEB-497E-A058-29EEAC2569BC}.Debug|Any CPU.ActiveCfg = Debug|Any CPU
		{BDDE4F01-9BEB-497E-A058-29EEAC2569BC}.Debug|Any CPU.Build.0 = Debug|Any CPU
		{BDDE4F01-9BEB-497E-A058-29EEAC2569BC}.Release|Any CPU.ActiveCfg = Release|Any CPU
		{BDDE4F01-9BEB-497E-A058-29EEAC2569BC}.Release|Any CPU.Build.0 = Release|Any CPU
		{89B878E7-1799-4B04-A90D-F0B2027CD44F}.Debug|Any CPU.ActiveCfg = Debug|Any CPU
		{89B878E7-1799-4B04-A90D-F0B2027CD44F}.Debug|Any CPU.Build.0 = Debug|Any CPU
		{89B878E7-1799-4B04-A90D-F0B2027CD44F}.Release|Any CPU.ActiveCfg = Release|Any CPU
		{89B878E7-1799-4B04-A90D-F0B2027CD44F}.Release|Any CPU.Build.0 = Release|Any CPU
		{509B2F28-C1EB-4BBD-B08E-F84E54482C6F}.Debug|Any CPU.ActiveCfg = Debug|Any CPU
		{509B2F28-C1EB-4BBD-B08E-F84E54482C6F}.Debug|Any CPU.Build.0 = Debug|Any CPU
		{509B2F28-C1EB-4BBD-B08E-F84E54482C6F}.Release|Any CPU.ActiveCfg = Release|Any CPU
		{509B2F28-C1EB-4BBD-B08E-F84E54482C6F}.Release|Any CPU.Build.0 = Release|Any CPU
		{5E06843D-345E-42DF-881B-8B2EFFEDBFAA}.Debug|Any CPU.ActiveCfg = Debug|Any CPU
		{5E06843D-345E-42DF-881B-8B2EFFEDBFAA}.Debug|Any CPU.Build.0 = Debug|Any CPU
		{5E06843D-345E-42DF-881B-8B2EFFEDBFAA}.Release|Any CPU.ActiveCfg = Debug|Any CPU
		{5E06843D-345E-42DF-881B-8B2EFFEDBFAA}.Release|Any CPU.Build.0 = Debug|Any CPU
		{63CAF7A8-25F2-45E5-98B5-1AEBD9401A18}.Debug|Any CPU.ActiveCfg = Debug|Any CPU
		{63CAF7A8-25F2-45E5-98B5-1AEBD9401A18}.Debug|Any CPU.Build.0 = Debug|Any CPU
		{63CAF7A8-25F2-45E5-98B5-1AEBD9401A18}.Release|Any CPU.ActiveCfg = Release|Any CPU
		{63CAF7A8-25F2-45E5-98B5-1AEBD9401A18}.Release|Any CPU.Build.0 = Release|Any CPU
		{77887255-EEAF-4059-83D3-11BC2BDBF9D3}.Debug|Any CPU.ActiveCfg = Debug|Any CPU
		{77887255-EEAF-4059-83D3-11BC2BDBF9D3}.Debug|Any CPU.Build.0 = Debug|Any CPU
		{77887255-EEAF-4059-83D3-11BC2BDBF9D3}.Release|Any CPU.ActiveCfg = Release|Any CPU
		{77887255-EEAF-4059-83D3-11BC2BDBF9D3}.Release|Any CPU.Build.0 = Release|Any CPU
		{67A5D49F-CF0E-40B7-BE36-5232AC4F9BB0}.Debug|Any CPU.ActiveCfg = Debug|Any CPU
		{67A5D49F-CF0E-40B7-BE36-5232AC4F9BB0}.Debug|Any CPU.Build.0 = Debug|Any CPU
		{67A5D49F-CF0E-40B7-BE36-5232AC4F9BB0}.Release|Any CPU.ActiveCfg = Release|Any CPU
		{67A5D49F-CF0E-40B7-BE36-5232AC4F9BB0}.Release|Any CPU.Build.0 = Release|Any CPU
		{C0C58EEE-937C-4FA6-9FFC-277CCE97A69C}.Debug|Any CPU.ActiveCfg = Debug|Any CPU
		{C0C58EEE-937C-4FA6-9FFC-277CCE97A69C}.Debug|Any CPU.Build.0 = Debug|Any CPU
		{C0C58EEE-937C-4FA6-9FFC-277CCE97A69C}.Release|Any CPU.ActiveCfg = Release|Any CPU
		{C0C58EEE-937C-4FA6-9FFC-277CCE97A69C}.Release|Any CPU.Build.0 = Release|Any CPU
		{2E3BB633-834E-427D-8132-8A6EA8DBAA72}.Debug|Any CPU.ActiveCfg = Debug|Any CPU
		{2E3BB633-834E-427D-8132-8A6EA8DBAA72}.Debug|Any CPU.Build.0 = Debug|Any CPU
		{2E3BB633-834E-427D-8132-8A6EA8DBAA72}.Release|Any CPU.ActiveCfg = Release|Any CPU
		{2E3BB633-834E-427D-8132-8A6EA8DBAA72}.Release|Any CPU.Build.0 = Release|Any CPU
		{CAA9683A-35E9-4836-88D2-AACA2BCD0117}.Debug|Any CPU.ActiveCfg = Debug|Any CPU
		{CAA9683A-35E9-4836-88D2-AACA2BCD0117}.Debug|Any CPU.Build.0 = Debug|Any CPU
		{CAA9683A-35E9-4836-88D2-AACA2BCD0117}.Release|Any CPU.ActiveCfg = Release|Any CPU
		{CAA9683A-35E9-4836-88D2-AACA2BCD0117}.Release|Any CPU.Build.0 = Release|Any CPU
		{136FF886-8564-4F34-8FF7-5A859D4DFAAC}.Debug|Any CPU.ActiveCfg = Debug|Any CPU
		{136FF886-8564-4F34-8FF7-5A859D4DFAAC}.Debug|Any CPU.Build.0 = Debug|Any CPU
		{136FF886-8564-4F34-8FF7-5A859D4DFAAC}.Release|Any CPU.ActiveCfg = Release|Any CPU
		{136FF886-8564-4F34-8FF7-5A859D4DFAAC}.Release|Any CPU.Build.0 = Release|Any CPU
		{B99BC79D-B230-414F-81F2-93313ACB4D1F}.Debug|Any CPU.ActiveCfg = Debug|Any CPU
		{B99BC79D-B230-414F-81F2-93313ACB4D1F}.Debug|Any CPU.Build.0 = Debug|Any CPU
		{B99BC79D-B230-414F-81F2-93313ACB4D1F}.Release|Any CPU.ActiveCfg = Release|Any CPU
		{B99BC79D-B230-414F-81F2-93313ACB4D1F}.Release|Any CPU.Build.0 = Release|Any CPU
		{B5141D57-88BB-4DEA-B324-297A5CC1FFA5}.Debug|Any CPU.ActiveCfg = Debug|Any CPU
		{B5141D57-88BB-4DEA-B324-297A5CC1FFA5}.Debug|Any CPU.Build.0 = Debug|Any CPU
		{B5141D57-88BB-4DEA-B324-297A5CC1FFA5}.Release|Any CPU.ActiveCfg = Release|Any CPU
		{B5141D57-88BB-4DEA-B324-297A5CC1FFA5}.Release|Any CPU.Build.0 = Release|Any CPU
	EndGlobalSection
	GlobalSection(SolutionProperties) = preSolution
		HideSolutionNode = FALSE
	EndGlobalSection
	GlobalSection(ExtensibilityGlobals) = postSolution
		SolutionGuid = {A891E594-F383-4A36-B723-E43117F7F1B4}
	EndGlobalSection
EndGlobal
